
Microsoft Visual Studio Solution File, Format Version 12.00
# Visual Studio Version 17
VisualStudioVersion = 17.6.33712.159
MinimumVisualStudioVersion = 10.0.40219.1
Project("{FAE04EC0-301F-11D3-BF4B-00C04F79EFBC}") = "BattleshipLiteLibrary", "BattleshipLiteLibrary\BattleshipLiteLibrary.csproj", "{EC66364E-72B9-4465-B29E-9193436EA737}"
EndProject
Project("{FAE04EC0-301F-11D3-BF4B-00C04F79EFBC}") = "BattleshipConsole", "BattleshipConsole\BattleshipConsole.csproj", "{E79AA86D-DC96-4842-94E6-3589A0ABC19C}"
EndProject
Global
	GlobalSection(SolutionConfigurationPlatforms) = preSolution
		Debug|Any CPU = Debug|Any CPU
		Release|Any CPU = Release|Any CPU
	EndGlobalSection
	GlobalSection(ProjectConfigurationPlatforms) = postSolution
		{EC66364E-72B9-4465-B29E-9193436EA737}.Debug|Any CPU.ActiveCfg = Debug|Any CPU
		{EC66364E-72B9-4465-B29E-9193436EA737}.Debug|Any CPU.Build.0 = Debug|Any CPU
		{EC66364E-72B9-4465-B29E-9193436EA737}.Release|Any CPU.ActiveCfg = Release|Any CPU
		{EC66364E-72B9-4465-B29E-9193436EA737}.Release|Any CPU.Build.0 = Release|Any CPU
		{E79AA86D-DC96-4842-94E6-3589A0ABC19C}.Debug|Any CPU.ActiveCfg = Debug|Any CPU
		{E79AA86D-DC96-4842-94E6-3589A0ABC19C}.Debug|Any CPU.Build.0 = Debug|Any CPU
		{E79AA86D-DC96-4842-94E6-3589A0ABC19C}.Release|Any CPU.ActiveCfg = Release|Any CPU
		{E79AA86D-DC96-4842-94E6-3589A0ABC19C}.Release|Any CPU.Build.0 = Release|Any CPU
	EndGlobalSection
	GlobalSection(SolutionProperties) = preSolution
		HideSolutionNode = FALSE
	EndGlobalSection
	GlobalSection(ExtensibilityGlobals) = postSolution
		SolutionGuid = {36C491AE-D466-41AE-9C14-0180F193B651}
	EndGlobalSection
EndGlobal
